
Microsoft Visual Studio Solution File, Format Version 12.00
# Visual Studio 14
VisualStudioVersion = 14.0.25420.1
MinimumVisualStudioVersion = 10.0.40219.1
Project("{FAE04EC0-301F-11D3-BF4B-00C04F79EFBC}") = "MailRuCloud2WebDAV", "MailRuCloud2WebDAV.csproj", "{F94DC684-8C43-44DE-A18D-32AB830C0BFF}"
EndProject
Project("{FAE04EC0-301F-11D3-BF4B-00C04F79EFBC}") = "MailRuCloud2WebDAV.CloudApi", "MailRuCloud2WebDAV.CloudApi\MailRuCloud2WebDAV.CloudApi.csproj", "{7675AE8C-B22B-4710-941F-318562E388DF}"
EndProject
Project("{FAE04EC0-301F-11D3-BF4B-00C04F79EFBC}") = "MailRuCloud2WebDAV.CloudApiTests", "MailRuCloud2WebDAV.CloudApiTests\MailRuCloud2WebDAV.CloudApiTests.csproj", "{190C466F-DAAF-4D9D-8339-08242C9E61DB}"
EndProject
Global
	GlobalSection(SolutionConfigurationPlatforms) = preSolution
		Debug|Any CPU = Debug|Any CPU
		Release|Any CPU = Release|Any CPU
	EndGlobalSection
	GlobalSection(ProjectConfigurationPlatforms) = postSolution
		{F94DC684-8C43-44DE-A18D-32AB830C0BFF}.Debug|Any CPU.ActiveCfg = Debug|Any CPU
		{F94DC684-8C43-44DE-A18D-32AB830C0BFF}.Debug|Any CPU.Build.0 = Debug|Any CPU
		{F94DC684-8C43-44DE-A18D-32AB830C0BFF}.Release|Any CPU.ActiveCfg = Release|Any CPU
		{F94DC684-8C43-44DE-A18D-32AB830C0BFF}.Release|Any CPU.Build.0 = Release|Any CPU
		{7675AE8C-B22B-4710-941F-318562E388DF}.Debug|Any CPU.ActiveCfg = Debug|Any CPU
		{7675AE8C-B22B-4710-941F-318562E388DF}.Debug|Any CPU.Build.0 = Debug|Any CPU
		{7675AE8C-B22B-4710-941F-318562E388DF}.Release|Any CPU.ActiveCfg = Release|Any CPU
		{7675AE8C-B22B-4710-941F-318562E388DF}.Release|Any CPU.Build.0 = Release|Any CPU
		{190C466F-DAAF-4D9D-8339-08242C9E61DB}.Debug|Any CPU.ActiveCfg = Debug|Any CPU
		{190C466F-DAAF-4D9D-8339-08242C9E61DB}.Debug|Any CPU.Build.0 = Debug|Any CPU
		{190C466F-DAAF-4D9D-8339-08242C9E61DB}.Release|Any CPU.ActiveCfg = Release|Any CPU
		{190C466F-DAAF-4D9D-8339-08242C9E61DB}.Release|Any CPU.Build.0 = Release|Any CPU
	EndGlobalSection
	GlobalSection(SolutionProperties) = preSolution
		HideSolutionNode = FALSE
	EndGlobalSection
EndGlobal
